// !$*UTF8*$!
{
	archiveVersion = 1;
	classes = {
	};
	objectVersion = 50;
	objects = {

/* Begin PBXBuildFile section */
		2006AF6C2448AFEC00A0212A /* AppDelegate.swift in Sources */ = {isa = PBXBuildFile; fileRef = 2006AF6B2448AFEC00A0212A /* AppDelegate.swift */; };
		2006AF6E2448AFEC00A0212A /* TravelLocationMapViewController.swift in Sources */ = {isa = PBXBuildFile; fileRef = 2006AF6D2448AFEC00A0212A /* TravelLocationMapViewController.swift */; };
		2006AF732448AFED00A0212A /* Assets.xcassets in Resources */ = {isa = PBXBuildFile; fileRef = 2006AF722448AFED00A0212A /* Assets.xcassets */; };
		2006AF762448AFED00A0212A /* LaunchScreen.storyboard in Resources */ = {isa = PBXBuildFile; fileRef = 2006AF742448AFED00A0212A /* LaunchScreen.storyboard */; };
		201E1035244FA55200EA834C /* FlickrResponse.swift in Sources */ = {isa = PBXBuildFile; fileRef = 201E1034244FA55200EA834C /* FlickrResponse.swift */; };
		201E1037244FA57400EA834C /* PhotosResponse.swift in Sources */ = {isa = PBXBuildFile; fileRef = 201E1036244FA57400EA834C /* PhotosResponse.swift */; };
		201E103A244FA62F00EA834C /* PhotoStore.swift in Sources */ = {isa = PBXBuildFile; fileRef = 201E1039244FA62F00EA834C /* PhotoStore.swift */; };
		201E103C244FABF300EA834C /* TravelLocationMapViewController.storyboard in Resources */ = {isa = PBXBuildFile; fileRef = 201E103B244FABF300EA834C /* TravelLocationMapViewController.storyboard */; };
		2053835224B546D600EF234F /* DataController.swift in Sources */ = {isa = PBXBuildFile; fileRef = 2053835124B546D600EF234F /* DataController.swift */; };
		2053835524B5481000EF234F /* Pin+Extension.swift in Sources */ = {isa = PBXBuildFile; fileRef = 2053835424B5481000EF234F /* Pin+Extension.swift */; };
		206FF56524B3EB7500A223CB /* VirtualTourist.xcdatamodeld in Sources */ = {isa = PBXBuildFile; fileRef = 206FF56324B3EB7500A223CB /* VirtualTourist.xcdatamodeld */; };
		207E712D244E199F00FE8A8C /* PhotoAlbumDataSource.swift in Sources */ = {isa = PBXBuildFile; fileRef = 207E712C244E199F00FE8A8C /* PhotoAlbumDataSource.swift */; };
		207E7131244E3E6100FE8A8C /* PhotoResponse.swift in Sources */ = {isa = PBXBuildFile; fileRef = 207E7130244E3E6100FE8A8C /* PhotoResponse.swift */; };
		20B3DB99244BE51800789052 /* MKmapViewDelegate+Additions.swift in Sources */ = {isa = PBXBuildFile; fileRef = 20B3DB98244BE51800789052 /* MKmapViewDelegate+Additions.swift */; };
		20B3DB9B244BEB5A00789052 /* FlickrClient.swift in Sources */ = {isa = PBXBuildFile; fileRef = 20B3DB9A244BEB5A00789052 /* FlickrClient.swift */; };
		20B75E032448DE2A00FCB9B9 /* PhotoAlbumViewController.swift in Sources */ = {isa = PBXBuildFile; fileRef = 20B75E022448DE2A00FCB9B9 /* PhotoAlbumViewController.swift */; };
		20C21A19244A348900C79542 /* PhotoAlbumViewController.storyboard in Resources */ = {isa = PBXBuildFile; fileRef = 20C21A18244A348900C79542 /* PhotoAlbumViewController.storyboard */; };
		20C21A2A244A509800C79542 /* Constants.swift in Sources */ = {isa = PBXBuildFile; fileRef = 20C21A29244A509800C79542 /* Constants.swift */; };
		20C21A2D244A71DD00C79542 /* MKCoordinateRegion+Additions.swift in Sources */ = {isa = PBXBuildFile; fileRef = 20C21A2C244A71DD00C79542 /* MKCoordinateRegion+Additions.swift */; };
		20C21A2F244A86BE00C79542 /* NSNotification.Name+Additions.swift in Sources */ = {isa = PBXBuildFile; fileRef = 20C21A2E244A86BE00C79542 /* NSNotification.Name+Additions.swift */; };
		20C40DAE244ACFFF00B38530 /* Font Awesome 5 Brands-Regular-400.otf in Resources */ = {isa = PBXBuildFile; fileRef = 20C40DAB244ACFFF00B38530 /* Font Awesome 5 Brands-Regular-400.otf */; };
		20C40DAF244ACFFF00B38530 /* Font Awesome 5 Free-Solid-900.otf in Resources */ = {isa = PBXBuildFile; fileRef = 20C40DAC244ACFFF00B38530 /* Font Awesome 5 Free-Solid-900.otf */; };
		20C40DB0244ACFFF00B38530 /* Font Awesome 5 Free-Regular-400.otf in Resources */ = {isa = PBXBuildFile; fileRef = 20C40DAD244ACFFF00B38530 /* Font Awesome 5 Free-Regular-400.otf */; };
		20CB725424B641B000332B0C /* TravelLocationMapViewDelegate.swift in Sources */ = {isa = PBXBuildFile; fileRef = 20CB725324B641B000332B0C /* TravelLocationMapViewDelegate.swift */; };
		20CB725824B6576A00332B0C /* PinControlDelegate.swift in Sources */ = {isa = PBXBuildFile; fileRef = 20CB725724B6576A00332B0C /* PinControlDelegate.swift */; };
		20FE1CE2244B8CC200F782FB /* PhotoAlbumViewCell.swift in Sources */ = {isa = PBXBuildFile; fileRef = 20FE1CE1244B8CC200F782FB /* PhotoAlbumViewCell.swift */; };
/* End PBXBuildFile section */

/* Begin PBXFileReference section */
		2006AF682448AFEC00A0212A /* VirtualTourist.app */ = {isa = PBXFileReference; explicitFileType = wrapper.application; includeInIndex = 0; path = VirtualTourist.app; sourceTree = BUILT_PRODUCTS_DIR; };
		2006AF6B2448AFEC00A0212A /* AppDelegate.swift */ = {isa = PBXFileReference; lastKnownFileType = sourcecode.swift; path = AppDelegate.swift; sourceTree = "<group>"; };
		2006AF6D2448AFEC00A0212A /* TravelLocationMapViewController.swift */ = {isa = PBXFileReference; lastKnownFileType = sourcecode.swift; path = TravelLocationMapViewController.swift; sourceTree = "<group>"; };
		2006AF722448AFED00A0212A /* Assets.xcassets */ = {isa = PBXFileReference; lastKnownFileType = folder.assetcatalog; path = Assets.xcassets; sourceTree = "<group>"; };
		2006AF752448AFED00A0212A /* Base */ = {isa = PBXFileReference; lastKnownFileType = file.storyboard; name = Base; path = Base.lproj/LaunchScreen.storyboard; sourceTree = "<group>"; };
		2006AF772448AFED00A0212A /* Info.plist */ = {isa = PBXFileReference; lastKnownFileType = text.plist.xml; path = Info.plist; sourceTree = "<group>"; };
		201E1034244FA55200EA834C /* FlickrResponse.swift */ = {isa = PBXFileReference; lastKnownFileType = sourcecode.swift; path = FlickrResponse.swift; sourceTree = "<group>"; };
		201E1036244FA57400EA834C /* PhotosResponse.swift */ = {isa = PBXFileReference; lastKnownFileType = sourcecode.swift; path = PhotosResponse.swift; sourceTree = "<group>"; };
		201E1039244FA62F00EA834C /* PhotoStore.swift */ = {isa = PBXFileReference; lastKnownFileType = sourcecode.swift; path = PhotoStore.swift; sourceTree = "<group>"; };
		201E103B244FABF300EA834C /* TravelLocationMapViewController.storyboard */ = {isa = PBXFileReference; lastKnownFileType = file.storyboard; path = TravelLocationMapViewController.storyboard; sourceTree = "<group>"; };
		2053835124B546D600EF234F /* DataController.swift */ = {isa = PBXFileReference; lastKnownFileType = sourcecode.swift; path = DataController.swift; sourceTree = "<group>"; };
		2053835424B5481000EF234F /* Pin+Extension.swift */ = {isa = PBXFileReference; lastKnownFileType = sourcecode.swift; path = "Pin+Extension.swift"; sourceTree = "<group>"; };
		206FF56424B3EB7500A223CB /* VirtualTourist.xcdatamodel */ = {isa = PBXFileReference; lastKnownFileType = wrapper.xcdatamodel; path = VirtualTourist.xcdatamodel; sourceTree = "<group>"; };
		207E712C244E199F00FE8A8C /* PhotoAlbumDataSource.swift */ = {isa = PBXFileReference; lastKnownFileType = sourcecode.swift; path = PhotoAlbumDataSource.swift; sourceTree = "<group>"; };
		207E7130244E3E6100FE8A8C /* PhotoResponse.swift */ = {isa = PBXFileReference; lastKnownFileType = sourcecode.swift; path = PhotoResponse.swift; sourceTree = "<group>"; };
		20B3DB98244BE51800789052 /* MKmapViewDelegate+Additions.swift */ = {isa = PBXFileReference; lastKnownFileType = sourcecode.swift; path = "MKmapViewDelegate+Additions.swift"; sourceTree = "<group>"; };
		20B3DB9A244BEB5A00789052 /* FlickrClient.swift */ = {isa = PBXFileReference; lastKnownFileType = sourcecode.swift; path = FlickrClient.swift; sourceTree = "<group>"; };
		20B75E022448DE2A00FCB9B9 /* PhotoAlbumViewController.swift */ = {isa = PBXFileReference; lastKnownFileType = sourcecode.swift; path = PhotoAlbumViewController.swift; sourceTree = "<group>"; };
		20C21A18244A348900C79542 /* PhotoAlbumViewController.storyboard */ = {isa = PBXFileReference; lastKnownFileType = file.storyboard; path = PhotoAlbumViewController.storyboard; sourceTree = "<group>"; };
		20C21A29244A509800C79542 /* Constants.swift */ = {isa = PBXFileReference; lastKnownFileType = sourcecode.swift; path = Constants.swift; sourceTree = "<group>"; };
		20C21A2C244A71DD00C79542 /* MKCoordinateRegion+Additions.swift */ = {isa = PBXFileReference; lastKnownFileType = sourcecode.swift; path = "MKCoordinateRegion+Additions.swift"; sourceTree = "<group>"; };
		20C21A2E244A86BE00C79542 /* NSNotification.Name+Additions.swift */ = {isa = PBXFileReference; lastKnownFileType = sourcecode.swift; path = "NSNotification.Name+Additions.swift"; sourceTree = "<group>"; };
		20C40DAB244ACFFF00B38530 /* Font Awesome 5 Brands-Regular-400.otf */ = {isa = PBXFileReference; lastKnownFileType = file; path = "Font Awesome 5 Brands-Regular-400.otf"; sourceTree = "<group>"; };
		20C40DAC244ACFFF00B38530 /* Font Awesome 5 Free-Solid-900.otf */ = {isa = PBXFileReference; lastKnownFileType = file; path = "Font Awesome 5 Free-Solid-900.otf"; sourceTree = "<group>"; };
		20C40DAD244ACFFF00B38530 /* Font Awesome 5 Free-Regular-400.otf */ = {isa = PBXFileReference; lastKnownFileType = file; path = "Font Awesome 5 Free-Regular-400.otf"; sourceTree = "<group>"; };
		20CB725324B641B000332B0C /* TravelLocationMapViewDelegate.swift */ = {isa = PBXFileReference; lastKnownFileType = sourcecode.swift; path = TravelLocationMapViewDelegate.swift; sourceTree = "<group>"; };
		20CB725724B6576A00332B0C /* PinControlDelegate.swift */ = {isa = PBXFileReference; lastKnownFileType = sourcecode.swift; path = PinControlDelegate.swift; sourceTree = "<group>"; };
		20FE1CE1244B8CC200F782FB /* PhotoAlbumViewCell.swift */ = {isa = PBXFileReference; lastKnownFileType = sourcecode.swift; path = PhotoAlbumViewCell.swift; sourceTree = "<group>"; };
/* End PBXFileReference section */

/* Begin PBXFrameworksBuildPhase section */
		2006AF652448AFEC00A0212A /* Frameworks */ = {
			isa = PBXFrameworksBuildPhase;
			buildActionMask = 2147483647;
			files = (
			);
			runOnlyForDeploymentPostprocessing = 0;
		};
/* End PBXFrameworksBuildPhase section */

/* Begin PBXGroup section */
		2006AF5F2448AFEC00A0212A = {
			isa = PBXGroup;
			children = (
				2006AF6A2448AFEC00A0212A /* VirtualTourist */,
				2006AF692448AFEC00A0212A /* Products */,
			);
			sourceTree = "<group>";
		};
		2006AF692448AFEC00A0212A /* Products */ = {
			isa = PBXGroup;
			children = (
				2006AF682448AFEC00A0212A /* VirtualTourist.app */,
			);
			name = Products;
			sourceTree = "<group>";
		};
		2006AF6A2448AFEC00A0212A /* VirtualTourist */ = {
			isa = PBXGroup;
			children = (
				20C21A2B244A719100C79542 /* Extensions */,
				20C21A28244A439700C79542 /* Network */,
				20C21A13244A32B400C79542 /* Resources */,
				20C21A10244A329400C79542 /* Model */,
				20C21A15244A341300C79542 /* Scenes */,
				2006AF6B2448AFEC00A0212A /* AppDelegate.swift */,
				2006AF742448AFED00A0212A /* LaunchScreen.storyboard */,
				2006AF772448AFED00A0212A /* Info.plist */,
				20C21A29244A509800C79542 /* Constants.swift */,
			);
			path = VirtualTourist;
			sourceTree = "<group>";
		};
		201E1033244FA48B00EA834C /* ResponseModels */ = {
			isa = PBXGroup;
			children = (
				207E7130244E3E6100FE8A8C /* PhotoResponse.swift */,
				201E1036244FA57400EA834C /* PhotosResponse.swift */,
				201E1034244FA55200EA834C /* FlickrResponse.swift */,
			);
			path = ResponseModels;
			sourceTree = "<group>";
		};
		2053835324B547FB00EF234F /* Managed Object Extensions */ = {
			isa = PBXGroup;
			children = (
				2053835424B5481000EF234F /* Pin+Extension.swift */,
			);
			path = "Managed Object Extensions";
			sourceTree = "<group>";
		};
		20C21A10244A329400C79542 /* Model */ = {
			isa = PBXGroup;
			children = (
				2053835324B547FB00EF234F /* Managed Object Extensions */,
				20C21A23244A429200C79542 /* PhotoAlbumModel */,
				206FF56324B3EB7500A223CB /* VirtualTourist.xcdatamodeld */,
				2053835124B546D600EF234F /* DataController.swift */,
			);
			path = Model;
			sourceTree = "<group>";
		};
		20C21A13244A32B400C79542 /* Resources */ = {
			isa = PBXGroup;
			children = (
				20C40DA9244ACFE800B38530 /* Fonts */,
				2006AF722448AFED00A0212A /* Assets.xcassets */,
			);
			path = Resources;
			sourceTree = "<group>";
		};
		20C21A15244A341300C79542 /* Scenes */ = {
			isa = PBXGroup;
			children = (
				20C21A16244A342400C79542 /* TravelLocationMapScene */,
				20C21A17244A343F00C79542 /* PhotoAlbumScene */,
			);
			path = Scenes;
			sourceTree = "<group>";
		};
		20C21A16244A342400C79542 /* TravelLocationMapScene */ = {
			isa = PBXGroup;
			children = (
				201E103B244FABF300EA834C /* TravelLocationMapViewController.storyboard */,
				2006AF6D2448AFEC00A0212A /* TravelLocationMapViewController.swift */,
				20CB725324B641B000332B0C /* TravelLocationMapViewDelegate.swift */,
				20CB725724B6576A00332B0C /* PinControlDelegate.swift */,
			);
			path = TravelLocationMapScene;
			sourceTree = "<group>";
		};
		20C21A17244A343F00C79542 /* PhotoAlbumScene */ = {
			isa = PBXGroup;
			children = (
				20C21A18244A348900C79542 /* PhotoAlbumViewController.storyboard */,
				20B75E022448DE2A00FCB9B9 /* PhotoAlbumViewController.swift */,
				207E712C244E199F00FE8A8C /* PhotoAlbumDataSource.swift */,
				20FE1CE1244B8CC200F782FB /* PhotoAlbumViewCell.swift */,
			);
			path = PhotoAlbumScene;
			sourceTree = "<group>";
		};
		20C21A23244A429200C79542 /* PhotoAlbumModel */ = {
			isa = PBXGroup;
			children = (
				201E1039244FA62F00EA834C /* PhotoStore.swift */,
			);
			path = PhotoAlbumModel;
			sourceTree = "<group>";
		};
		20C21A28244A439700C79542 /* Network */ = {
			isa = PBXGroup;
			children = (
				20B3DB9A244BEB5A00789052 /* FlickrClient.swift */,
				201E1033244FA48B00EA834C /* ResponseModels */,
			);
			path = Network;
			sourceTree = "<group>";
		};
		20C21A2B244A719100C79542 /* Extensions */ = {
			isa = PBXGroup;
			children = (
				20C21A2C244A71DD00C79542 /* MKCoordinateRegion+Additions.swift */,
				20C21A2E244A86BE00C79542 /* NSNotification.Name+Additions.swift */,
				20B3DB98244BE51800789052 /* MKmapViewDelegate+Additions.swift */,
			);
			path = Extensions;
			sourceTree = "<group>";
		};
		20C40DA9244ACFE800B38530 /* Fonts */ = {
			isa = PBXGroup;
			children = (
				20C40DAA244ACFF100B38530 /* FontAwesome */,
			);
			path = Fonts;
			sourceTree = "<group>";
		};
		20C40DAA244ACFF100B38530 /* FontAwesome */ = {
			isa = PBXGroup;
			children = (
				20C40DAB244ACFFF00B38530 /* Font Awesome 5 Brands-Regular-400.otf */,
				20C40DAD244ACFFF00B38530 /* Font Awesome 5 Free-Regular-400.otf */,
				20C40DAC244ACFFF00B38530 /* Font Awesome 5 Free-Solid-900.otf */,
			);
			path = FontAwesome;
			sourceTree = "<group>";
		};
/* End PBXGroup section */

/* Begin PBXNativeTarget section */
		2006AF672448AFEC00A0212A /* VirtualTourist */ = {
			isa = PBXNativeTarget;
			buildConfigurationList = 2006AF7A2448AFED00A0212A /* Build configuration list for PBXNativeTarget "VirtualTourist" */;
			buildPhases = (
				2006AF642448AFEC00A0212A /* Sources */,
				2006AF652448AFEC00A0212A /* Frameworks */,
				2006AF662448AFEC00A0212A /* Resources */,
			);
			buildRules = (
			);
			dependencies = (
			);
			name = VirtualTourist;
			productName = VirtualTourist;
			productReference = 2006AF682448AFEC00A0212A /* VirtualTourist.app */;
			productType = "com.apple.product-type.application";
		};
/* End PBXNativeTarget section */

/* Begin PBXProject section */
		2006AF602448AFEC00A0212A /* Project object */ = {
			isa = PBXProject;
			attributes = {
				LastSwiftUpdateCheck = 1010;
				LastUpgradeCheck = 1010;
				ORGANIZATIONNAME = personal;
				TargetAttributes = {
					2006AF672448AFEC00A0212A = {
						CreatedOnToolsVersion = 10.1;
						LastSwiftMigration = 1150;
					};
				};
			};
			buildConfigurationList = 2006AF632448AFEC00A0212A /* Build configuration list for PBXProject "VirtualTourist" */;
			compatibilityVersion = "Xcode 9.3";
			developmentRegion = en;
			hasScannedForEncodings = 0;
			knownRegions = (
				en,
				Base,
			);
			mainGroup = 2006AF5F2448AFEC00A0212A;
			productRefGroup = 2006AF692448AFEC00A0212A /* Products */;
			projectDirPath = "";
			projectRoot = "";
			targets = (
				2006AF672448AFEC00A0212A /* VirtualTourist */,
			);
		};
/* End PBXProject section */

/* Begin PBXResourcesBuildPhase section */
		2006AF662448AFEC00A0212A /* Resources */ = {
			isa = PBXResourcesBuildPhase;
			buildActionMask = 2147483647;
			files = (
				20C40DAE244ACFFF00B38530 /* Font Awesome 5 Brands-Regular-400.otf in Resources */,
				20C21A19244A348900C79542 /* PhotoAlbumViewController.storyboard in Resources */,
				201E103C244FABF300EA834C /* TravelLocationMapViewController.storyboard in Resources */,
				20C40DB0244ACFFF00B38530 /* Font Awesome 5 Free-Regular-400.otf in Resources */,
				2006AF762448AFED00A0212A /* LaunchScreen.storyboard in Resources */,
				20C40DAF244ACFFF00B38530 /* Font Awesome 5 Free-Solid-900.otf in Resources */,
				2006AF732448AFED00A0212A /* Assets.xcassets in Resources */,
			);
			runOnlyForDeploymentPostprocessing = 0;
		};
/* End PBXResourcesBuildPhase section */

/* Begin PBXSourcesBuildPhase section */
		2006AF642448AFEC00A0212A /* Sources */ = {
			isa = PBXSourcesBuildPhase;
			buildActionMask = 2147483647;
			files = (
				20CB725424B641B000332B0C /* TravelLocationMapViewDelegate.swift in Sources */,
				20B3DB99244BE51800789052 /* MKmapViewDelegate+Additions.swift in Sources */,
				2006AF6E2448AFEC00A0212A /* TravelLocationMapViewController.swift in Sources */,
				20FE1CE2244B8CC200F782FB /* PhotoAlbumViewCell.swift in Sources */,
				201E1037244FA57400EA834C /* PhotosResponse.swift in Sources */,
				206FF56524B3EB7500A223CB /* VirtualTourist.xcdatamodeld in Sources */,
				20B3DB9B244BEB5A00789052 /* FlickrClient.swift in Sources */,
				20CB725824B6576A00332B0C /* PinControlDelegate.swift in Sources */,
				2006AF6C2448AFEC00A0212A /* AppDelegate.swift in Sources */,
				207E7131244E3E6100FE8A8C /* PhotoResponse.swift in Sources */,
				20B75E032448DE2A00FCB9B9 /* PhotoAlbumViewController.swift in Sources */,
				20C21A2D244A71DD00C79542 /* MKCoordinateRegion+Additions.swift in Sources */,
				2053835524B5481000EF234F /* Pin+Extension.swift in Sources */,
				201E103A244FA62F00EA834C /* PhotoStore.swift in Sources */,
				20C21A2A244A509800C79542 /* Constants.swift in Sources */,
				20C21A2F244A86BE00C79542 /* NSNotification.Name+Additions.swift in Sources */,
				2053835224B546D600EF234F /* DataController.swift in Sources */,
				207E712D244E199F00FE8A8C /* PhotoAlbumDataSource.swift in Sources */,
				201E1035244FA55200EA834C /* FlickrResponse.swift in Sources */,
			);
			runOnlyForDeploymentPostprocessing = 0;
		};
/* End PBXSourcesBuildPhase section */

/* Begin PBXVariantGroup section */
		2006AF742448AFED00A0212A /* LaunchScreen.storyboard */ = {
			isa = PBXVariantGroup;
			children = (
				2006AF752448AFED00A0212A /* Base */,
			);
			name = LaunchScreen.storyboard;
			sourceTree = "<group>";
		};
/* End PBXVariantGroup section */

/* Begin XCBuildConfiguration section */
		2006AF782448AFED00A0212A /* Debug */ = {
			isa = XCBuildConfiguration;
			buildSettings = {
				ALWAYS_SEARCH_USER_PATHS = NO;
				CLANG_ANALYZER_NONNULL = YES;
				CLANG_ANALYZER_NUMBER_OBJECT_CONVERSION = YES_AGGRESSIVE;
				CLANG_CXX_LANGUAGE_STANDARD = "gnu++14";
				CLANG_CXX_LIBRARY = "libc++";
				CLANG_ENABLE_MODULES = YES;
				CLANG_ENABLE_OBJC_ARC = YES;
				CLANG_ENABLE_OBJC_WEAK = YES;
				CLANG_WARN_BLOCK_CAPTURE_AUTORELEASING = YES;
				CLANG_WARN_BOOL_CONVERSION = YES;
				CLANG_WARN_COMMA = YES;
				CLANG_WARN_CONSTANT_CONVERSION = YES;
				CLANG_WARN_DEPRECATED_OBJC_IMPLEMENTATIONS = YES;
				CLANG_WARN_DIRECT_OBJC_ISA_USAGE = YES_ERROR;
				CLANG_WARN_DOCUMENTATION_COMMENTS = YES;
				CLANG_WARN_EMPTY_BODY = YES;
				CLANG_WARN_ENUM_CONVERSION = YES;
				CLANG_WARN_INFINITE_RECURSION = YES;
				CLANG_WARN_INT_CONVERSION = YES;
				CLANG_WARN_NON_LITERAL_NULL_CONVERSION = YES;
				CLANG_WARN_OBJC_IMPLICIT_RETAIN_SELF = YES;
				CLANG_WARN_OBJC_LITERAL_CONVERSION = YES;
				CLANG_WARN_OBJC_ROOT_CLASS = YES_ERROR;
				CLANG_WARN_RANGE_LOOP_ANALYSIS = YES;
				CLANG_WARN_STRICT_PROTOTYPES = YES;
				CLANG_WARN_SUSPICIOUS_MOVE = YES;
				CLANG_WARN_UNGUARDED_AVAILABILITY = YES_AGGRESSIVE;
				CLANG_WARN_UNREACHABLE_CODE = YES;
				CLANG_WARN__DUPLICATE_METHOD_MATCH = YES;
				CODE_SIGN_IDENTITY = "iPhone Developer";
				COPY_PHASE_STRIP = NO;
				DEBUG_INFORMATION_FORMAT = dwarf;
				ENABLE_STRICT_OBJC_MSGSEND = YES;
				ENABLE_TESTABILITY = YES;
				GCC_C_LANGUAGE_STANDARD = gnu11;
				GCC_DYNAMIC_NO_PIC = NO;
				GCC_NO_COMMON_BLOCKS = YES;
				GCC_OPTIMIZATION_LEVEL = 0;
				GCC_PREPROCESSOR_DEFINITIONS = (
					"DEBUG=1",
					"$(inherited)",
				);
				GCC_WARN_64_TO_32_BIT_CONVERSION = YES;
				GCC_WARN_ABOUT_RETURN_TYPE = YES_ERROR;
				GCC_WARN_UNDECLARED_SELECTOR = YES;
				GCC_WARN_UNINITIALIZED_AUTOS = YES_AGGRESSIVE;
				GCC_WARN_UNUSED_FUNCTION = YES;
				GCC_WARN_UNUSED_VARIABLE = YES;
				IPHONEOS_DEPLOYMENT_TARGET = 12.1;
				MTL_ENABLE_DEBUG_INFO = INCLUDE_SOURCE;
				MTL_FAST_MATH = YES;
				ONLY_ACTIVE_ARCH = YES;
				SDKROOT = iphoneos;
				SWIFT_ACTIVE_COMPILATION_CONDITIONS = DEBUG;
				SWIFT_OPTIMIZATION_LEVEL = "-Onone";
			};
			name = Debug;
		};
		2006AF792448AFED00A0212A /* Release */ = {
			isa = XCBuildConfiguration;
			buildSettings = {
				ALWAYS_SEARCH_USER_PATHS = NO;
				CLANG_ANALYZER_NONNULL = YES;
				CLANG_ANALYZER_NUMBER_OBJECT_CONVERSION = YES_AGGRESSIVE;
				CLANG_CXX_LANGUAGE_STANDARD = "gnu++14";
				CLANG_CXX_LIBRARY = "libc++";
				CLANG_ENABLE_MODULES = YES;
				CLANG_ENABLE_OBJC_ARC = YES;
				CLANG_ENABLE_OBJC_WEAK = YES;
				CLANG_WARN_BLOCK_CAPTURE_AUTORELEASING = YES;
				CLANG_WARN_BOOL_CONVERSION = YES;
				CLANG_WARN_COMMA = YES;
				CLANG_WARN_CONSTANT_CONVERSION = YES;
				CLANG_WARN_DEPRECATED_OBJC_IMPLEMENTATIONS = YES;
				CLANG_WARN_DIRECT_OBJC_ISA_USAGE = YES_ERROR;
				CLANG_WARN_DOCUMENTATION_COMMENTS = YES;
				CLANG_WARN_EMPTY_BODY = YES;
				CLANG_WARN_ENUM_CONVERSION = YES;
				CLANG_WARN_INFINITE_RECURSION = YES;
				CLANG_WARN_INT_CONVERSION = YES;
				CLANG_WARN_NON_LITERAL_NULL_CONVERSION = YES;
				CLANG_WARN_OBJC_IMPLICIT_RETAIN_SELF = YES;
				CLANG_WARN_OBJC_LITERAL_CONVERSION = YES;
				CLANG_WARN_OBJC_ROOT_CLASS = YES_ERROR;
				CLANG_WARN_RANGE_LOOP_ANALYSIS = YES;
				CLANG_WARN_STRICT_PROTOTYPES = YES;
				CLANG_WARN_SUSPICIOUS_MOVE = YES;
				CLANG_WARN_UNGUARDED_AVAILABILITY = YES_AGGRESSIVE;
				CLANG_WARN_UNREACHABLE_CODE = YES;
				CLANG_WARN__DUPLICATE_METHOD_MATCH = YES;
				CODE_SIGN_IDENTITY = "iPhone Developer";
				COPY_PHASE_STRIP = NO;
				DEBUG_INFORMATION_FORMAT = "dwarf-with-dsym";
				ENABLE_NS_ASSERTIONS = NO;
				ENABLE_STRICT_OBJC_MSGSEND = YES;
				GCC_C_LANGUAGE_STANDARD = gnu11;
				GCC_NO_COMMON_BLOCKS = YES;
				GCC_WARN_64_TO_32_BIT_CONVERSION = YES;
				GCC_WARN_ABOUT_RETURN_TYPE = YES_ERROR;
				GCC_WARN_UNDECLARED_SELECTOR = YES;
				GCC_WARN_UNINITIALIZED_AUTOS = YES_AGGRESSIVE;
				GCC_WARN_UNUSED_FUNCTION = YES;
				GCC_WARN_UNUSED_VARIABLE = YES;
				IPHONEOS_DEPLOYMENT_TARGET = 12.1;
				MTL_ENABLE_DEBUG_INFO = NO;
				MTL_FAST_MATH = YES;
				SDKROOT = iphoneos;
				SWIFT_COMPILATION_MODE = wholemodule;
				SWIFT_OPTIMIZATION_LEVEL = "-O";
				VALIDATE_PRODUCT = YES;
			};
			name = Release;
		};
		2006AF7B2448AFED00A0212A /* Debug */ = {
			isa = XCBuildConfiguration;
			buildSettings = {
				ASSETCATALOG_COMPILER_APPICON_NAME = AppIcon;
				CODE_SIGN_STYLE = Automatic;
				DEVELOPMENT_TEAM = FCZ5M2EEKH;
				INFOPLIST_FILE = VirtualTourist/Info.plist;
				IPHONEOS_DEPLOYMENT_TARGET = 11.1;
				LD_RUNPATH_SEARCH_PATHS = (
					"$(inherited)",
					"@executable_path/Frameworks",
				);
				PRODUCT_BUNDLE_IDENTIFIER = com.personal.VirtualTourist;
				PRODUCT_NAME = "$(TARGET_NAME)";
				SWIFT_VERSION = 5.0;
				TARGETED_DEVICE_FAMILY = 1;
			};
			name = Debug;
		};
		2006AF7C2448AFED00A0212A /* Release */ = {
			isa = XCBuildConfiguration;
			buildSettings = {
				ASSETCATALOG_COMPILER_APPICON_NAME = AppIcon;
				CODE_SIGN_STYLE = Automatic;
				DEVELOPMENT_TEAM = FCZ5M2EEKH;
				INFOPLIST_FILE = VirtualTourist/Info.plist;
				IPHONEOS_DEPLOYMENT_TARGET = 11.1;
				LD_RUNPATH_SEARCH_PATHS = (
					"$(inherited)",
					"@executable_path/Frameworks",
				);
				PRODUCT_BUNDLE_IDENTIFIER = com.personal.VirtualTourist;
				PRODUCT_NAME = "$(TARGET_NAME)";
				SWIFT_VERSION = 5.0;
				TARGETED_DEVICE_FAMILY = 1;
			};
			name = Release;
		};
/* End XCBuildConfiguration section */

/* Begin XCConfigurationList section */
		2006AF632448AFEC00A0212A /* Build configuration list for PBXProject "VirtualTourist" */ = {
			isa = XCConfigurationList;
			buildConfigurations = (
				2006AF782448AFED00A0212A /* Debug */,
				2006AF792448AFED00A0212A /* Release */,
			);
			defaultConfigurationIsVisible = 0;
			defaultConfigurationName = Release;
		};
		2006AF7A2448AFED00A0212A /* Build configuration list for PBXNativeTarget "VirtualTourist" */ = {
			isa = XCConfigurationList;
			buildConfigurations = (
				2006AF7B2448AFED00A0212A /* Debug */,
				2006AF7C2448AFED00A0212A /* Release */,
			);
			defaultConfigurationIsVisible = 0;
			defaultConfigurationName = Release;
		};
/* End XCConfigurationList section */

/* Begin XCVersionGroup section */
		206FF56324B3EB7500A223CB /* VirtualTourist.xcdatamodeld */ = {
			isa = XCVersionGroup;
			children = (
				206FF56424B3EB7500A223CB /* VirtualTourist.xcdatamodel */,
			);
			currentVersion = 206FF56424B3EB7500A223CB /* VirtualTourist.xcdatamodel */;
			path = VirtualTourist.xcdatamodeld;
			sourceTree = "<group>";
			versionGroupType = wrapper.xcdatamodel;
		};
/* End XCVersionGroup section */
	};
	rootObject = 2006AF602448AFEC00A0212A /* Project object */;
}
